// !$*UTF8*$!
{
	archiveVersion = 1;
	classes = {
	};
	objectVersion = 50;
	objects = {

/* Begin PBXBuildFile section */
		7F5D3D4223D0FA9B004AAA1B /* AppDelegate.swift in Sources */ = {isa = PBXBuildFile; fileRef = 7F5D3D4123D0FA9B004AAA1B /* AppDelegate.swift */; };
		7F5D3D4423D0FA9B004AAA1B /* ViewController.swift in Sources */ = {isa = PBXBuildFile; fileRef = 7F5D3D4323D0FA9B004AAA1B /* ViewController.swift */; };
		7F5D3D4723D0FA9B004AAA1B /* Main.storyboard in Resources */ = {isa = PBXBuildFile; fileRef = 7F5D3D4523D0FA9B004AAA1B /* Main.storyboard */; };
		7F5D3D4923D0FA9B004AAA1B /* Assets.xcassets in Resources */ = {isa = PBXBuildFile; fileRef = 7F5D3D4823D0FA9B004AAA1B /* Assets.xcassets */; };
		7F5D3D4C23D0FA9B004AAA1B /* LaunchScreen.storyboard in Resources */ = {isa = PBXBuildFile; fileRef = 7F5D3D4A23D0FA9B004AAA1B /* LaunchScreen.storyboard */; };
		7F5D3D5723D0FA9B004AAA1B /* testTests.swift in Sources */ = {isa = PBXBuildFile; fileRef = 7F5D3D5623D0FA9B004AAA1B /* testTests.swift */; };
		7F5D3D6223D0FA9B004AAA1B /* testUITests.swift in Sources */ = {isa = PBXBuildFile; fileRef = 7F5D3D6123D0FA9B004AAA1B /* testUITests.swift */; };
/* End PBXBuildFile section */

/* Begin PBXContainerItemProxy section */
		7F5D3D5323D0FA9B004AAA1B /* PBXContainerItemProxy */ = {
			isa = PBXContainerItemProxy;
			containerPortal = 7F5D3D3623D0FA9A004AAA1B /* Project object */;
			proxyType = 1;
			remoteGlobalIDString = 7F5D3D3D23D0FA9B004AAA1B;
			remoteInfo = test;
		};
		7F5D3D5E23D0FA9B004AAA1B /* PBXContainerItemProxy */ = {
			isa = PBXContainerItemProxy;
			containerPortal = 7F5D3D3623D0FA9A004AAA1B /* Project object */;
			proxyType = 1;
			remoteGlobalIDString = 7F5D3D3D23D0FA9B004AAA1B;
			remoteInfo = test;
		};
/* End PBXContainerItemProxy section */

/* Begin PBXFileReference section */
		7F5D3D3E23D0FA9B004AAA1B /* test.app */ = {isa = PBXFileReference; explicitFileType = wrapper.application; includeInIndex = 0; path = test.app; sourceTree = BUILT_PRODUCTS_DIR; };
		7F5D3D4123D0FA9B004AAA1B /* AppDelegate.swift */ = {isa = PBXFileReference; lastKnownFileType = sourcecode.swift; path = AppDelegate.swift; sourceTree = "<group>"; };
		7F5D3D4323D0FA9B004AAA1B /* ViewController.swift */ = {isa = PBXFileReference; lastKnownFileType = sourcecode.swift; path = ViewController.swift; sourceTree = "<group>"; };
		7F5D3D4623D0FA9B004AAA1B /* Base */ = {isa = PBXFileReference; lastKnownFileType = file.storyboard; name = Base; path = Base.lproj/Main.storyboard; sourceTree = "<group>"; };
		7F5D3D4823D0FA9B004AAA1B /* Assets.xcassets */ = {isa = PBXFileReference; lastKnownFileType = folder.assetcatalog; path = Assets.xcassets; sourceTree = "<group>"; };
		7F5D3D4B23D0FA9B004AAA1B /* Base */ = {isa = PBXFileReference; lastKnownFileType = file.storyboard; name = Base; path = Base.lproj/LaunchScreen.storyboard; sourceTree = "<group>"; };
		7F5D3D4D23D0FA9B004AAA1B /* Info.plist */ = {isa = PBXFileReference; lastKnownFileType = text.plist.xml; path = Info.plist; sourceTree = "<group>"; };
		7F5D3D5223D0FA9B004AAA1B /* testTests.xctest */ = {isa = PBXFileReference; explicitFileType = wrapper.cfbundle; includeInIndex = 0; path = testTests.xctest; sourceTree = BUILT_PRODUCTS_DIR; };
		7F5D3D5623D0FA9B004AAA1B /* testTests.swift */ = {isa = PBXFileReference; lastKnownFileType = sourcecode.swift; path = testTests.swift; sourceTree = "<group>"; };
		7F5D3D5823D0FA9B004AAA1B /* Info.plist */ = {isa = PBXFileReference; lastKnownFileType = text.plist.xml; path = Info.plist; sourceTree = "<group>"; };
		7F5D3D5D23D0FA9B004AAA1B /* testUITests.xctest */ = {isa = PBXFileReference; explicitFileType = wrapper.cfbundle; includeInIndex = 0; path = testUITests.xctest; sourceTree = BUILT_PRODUCTS_DIR; };
		7F5D3D6123D0FA9B004AAA1B /* testUITests.swift */ = {isa = PBXFileReference; lastKnownFileType = sourcecode.swift; path = testUITests.swift; sourceTree = "<group>"; };
		7F5D3D6323D0FA9B004AAA1B /* Info.plist */ = {isa = PBXFileReference; lastKnownFileType = text.plist.xml; path = Info.plist; sourceTree = "<group>"; };
/* End PBXFileReference section */

/* Begin PBXFrameworksBuildPhase section */
		7F5D3D3B23D0FA9B004AAA1B /* Frameworks */ = {
			isa = PBXFrameworksBuildPhase;
			buildActionMask = 2147483647;
			files = (
			);
			runOnlyForDeploymentPostprocessing = 0;
		};
		7F5D3D4F23D0FA9B004AAA1B /* Frameworks */ = {
			isa = PBXFrameworksBuildPhase;
			buildActionMask = 2147483647;
			files = (
			);
			runOnlyForDeploymentPostprocessing = 0;
		};
		7F5D3D5A23D0FA9B004AAA1B /* Frameworks */ = {
			isa = PBXFrameworksBuildPhase;
			buildActionMask = 2147483647;
			files = (
			);
			runOnlyForDeploymentPostprocessing = 0;
		};
/* End PBXFrameworksBuildPhase section */

/* Begin PBXGroup section */
		7F5D3D3523D0FA9A004AAA1B = {
			isa = PBXGroup;
			children = (
				7F5D3D4023D0FA9B004AAA1B /* test */,
				7F5D3D5523D0FA9B004AAA1B /* testTests */,
				7F5D3D6023D0FA9B004AAA1B /* testUITests */,
				7F5D3D3F23D0FA9B004AAA1B /* Products */,
			);
			sourceTree = "<group>";
		};
		7F5D3D3F23D0FA9B004AAA1B /* Products */ = {
			isa = PBXGroup;
			children = (
				7F5D3D3E23D0FA9B004AAA1B /* test.app */,
				7F5D3D5223D0FA9B004AAA1B /* testTests.xctest */,
				7F5D3D5D23D0FA9B004AAA1B /* testUITests.xctest */,
			);
			name = Products;
			sourceTree = "<group>";
		};
		7F5D3D4023D0FA9B004AAA1B /* test */ = {
			isa = PBXGroup;
			children = (
				7F5D3D4123D0FA9B004AAA1B /* AppDelegate.swift */,
				7F5D3D4323D0FA9B004AAA1B /* ViewController.swift */,
				7F5D3D4523D0FA9B004AAA1B /* Main.storyboard */,
				7F5D3D4823D0FA9B004AAA1B /* Assets.xcassets */,
				7F5D3D4A23D0FA9B004AAA1B /* LaunchScreen.storyboard */,
				7F5D3D4D23D0FA9B004AAA1B /* Info.plist */,
			);
			path = test;
			sourceTree = "<group>";
		};
		7F5D3D5523D0FA9B004AAA1B /* testTests */ = {
			isa = PBXGroup;
			children = (
				7F5D3D5623D0FA9B004AAA1B /* testTests.swift */,
				7F5D3D5823D0FA9B004AAA1B /* Info.plist */,
			);
			path = testTests;
			sourceTree = "<group>";
		};
		7F5D3D6023D0FA9B004AAA1B /* testUITests */ = {
			isa = PBXGroup;
			children = (
				7F5D3D6123D0FA9B004AAA1B /* testUITests.swift */,
				7F5D3D6323D0FA9B004AAA1B /* Info.plist */,
			);
			path = testUITests;
			sourceTree = "<group>";
		};
/* End PBXGroup section */

/* Begin PBXNativeTarget section */
		7F5D3D3D23D0FA9B004AAA1B /* test */ = {
			isa = PBXNativeTarget;
			buildConfigurationList = 7F5D3D6623D0FA9B004AAA1B /* Build configuration list for PBXNativeTarget "test" */;
			buildPhases = (
				7F5D3D3A23D0FA9B004AAA1B /* Sources */,
				7F5D3D3B23D0FA9B004AAA1B /* Frameworks */,
				7F5D3D3C23D0FA9B004AAA1B /* Resources */,
			);
			buildRules = (
			);
			dependencies = (
			);
			name = test;
			productName = test;
			productReference = 7F5D3D3E23D0FA9B004AAA1B /* test.app */;
			productType = "com.apple.product-type.application";
		};
		7F5D3D5123D0FA9B004AAA1B /* testTests */ = {
			isa = PBXNativeTarget;
			buildConfigurationList = 7F5D3D6923D0FA9B004AAA1B /* Build configuration list for PBXNativeTarget "testTests" */;
			buildPhases = (
				7F5D3D4E23D0FA9B004AAA1B /* Sources */,
				7F5D3D4F23D0FA9B004AAA1B /* Frameworks */,
				7F5D3D5023D0FA9B004AAA1B /* Resources */,
			);
			buildRules = (
			);
			dependencies = (
				7F5D3D5423D0FA9B004AAA1B /* PBXTargetDependency */,
			);
			name = testTests;
			productName = testTests;
			productReference = 7F5D3D5223D0FA9B004AAA1B /* testTests.xctest */;
			productType = "com.apple.product-type.bundle.unit-test";
		};
		7F5D3D5C23D0FA9B004AAA1B /* testUITests */ = {
			isa = PBXNativeTarget;
			buildConfigurationList = 7F5D3D6C23D0FA9B004AAA1B /* Build configuration list for PBXNativeTarget "testUITests" */;
			buildPhases = (
				7F5D3D5923D0FA9B004AAA1B /* Sources */,
				7F5D3D5A23D0FA9B004AAA1B /* Frameworks */,
				7F5D3D5B23D0FA9B004AAA1B /* Resources */,
			);
			buildRules = (
			);
			dependencies = (
				7F5D3D5F23D0FA9B004AAA1B /* PBXTargetDependency */,
			);
			name = testUITests;
			productName = testUITests;
			productReference = 7F5D3D5D23D0FA9B004AAA1B /* testUITests.xctest */;
			productType = "com.apple.product-type.bundle.ui-testing";
		};
/* End PBXNativeTarget section */

/* Begin PBXProject section */
		7F5D3D3623D0FA9A004AAA1B /* Project object */ = {
			isa = PBXProject;
			attributes = {
				LastSwiftUpdateCheck = 1010;
				LastUpgradeCheck = 1010;
				ORGANIZATIONNAME = "CM Student";
				TargetAttributes = {
					7F5D3D3D23D0FA9B004AAA1B = {
						CreatedOnToolsVersion = 10.1;
					};
					7F5D3D5123D0FA9B004AAA1B = {
						CreatedOnToolsVersion = 10.1;
						TestTargetID = 7F5D3D3D23D0FA9B004AAA1B;
					};
					7F5D3D5C23D0FA9B004AAA1B = {
						CreatedOnToolsVersion = 10.1;
						TestTargetID = 7F5D3D3D23D0FA9B004AAA1B;
					};
				};
			};
			buildConfigurationList = 7F5D3D3923D0FA9A004AAA1B /* Build configuration list for PBXProject "test" */;
			compatibilityVersion = "Xcode 9.3";
			developmentRegion = en;
			hasScannedForEncodings = 0;
			knownRegions = (
				en,
				Base,
			);
			mainGroup = 7F5D3D3523D0FA9A004AAA1B;
			productRefGroup = 7F5D3D3F23D0FA9B004AAA1B /* Products */;
			projectDirPath = "";
			projectRoot = "";
			targets = (
				7F5D3D3D23D0FA9B004AAA1B /* test */,
				7F5D3D5123D0FA9B004AAA1B /* testTests */,
				7F5D3D5C23D0FA9B004AAA1B /* testUITests */,
			);
		};
/* End PBXProject section */

/* Begin PBXResourcesBuildPhase section */
		7F5D3D3C23D0FA9B004AAA1B /* Resources */ = {
			isa = PBXResourcesBuildPhase;
			buildActionMask = 2147483647;
			files = (
				7F5D3D4C23D0FA9B004AAA1B /* LaunchScreen.storyboard in Resources */,
				7F5D3D4923D0FA9B004AAA1B /* Assets.xcassets in Resources */,
				7F5D3D4723D0FA9B004AAA1B /* Main.storyboard in Resources */,
			);
			runOnlyForDeploymentPostprocessing = 0;
		};
		7F5D3D5023D0FA9B004AAA1B /* Resources */ = {
			isa = PBXResourcesBuildPhase;
			buildActionMask = 2147483647;
			files = (
			);
			runOnlyForDeploymentPostprocessing = 0;
		};
		7F5D3D5B23D0FA9B004AAA1B /* Resources */ = {
			isa = PBXResourcesBuildPhase;
			buildActionMask = 2147483647;
			files = (
			);
			runOnlyForDeploymentPostprocessing = 0;
		};
/* End PBXResourcesBuildPhase section */

/* Begin PBXSourcesBuildPhase section */
		7F5D3D3A23D0FA9B004AAA1B /* Sources */ = {
			isa = PBXSourcesBuildPhase;
			buildActionMask = 2147483647;
			files = (
				7F5D3D4423D0FA9B004AAA1B /* ViewController.swift in Sources */,
				7F5D3D4223D0FA9B004AAA1B /* AppDelegate.swift in Sources */,
			);
			runOnlyForDeploymentPostprocessing = 0;
		};
		7F5D3D4E23D0FA9B004AAA1B /* Sources */ = {
			isa = PBXSourcesBuildPhase;
			buildActionMask = 2147483647;
			files = (
				7F5D3D5723D0FA9B004AAA1B /* testTests.swift in Sources */,
			);
			runOnlyForDeploymentPostprocessing = 0;
		};
		7F5D3D5923D0FA9B004AAA1B /* Sources */ = {
			isa = PBXSourcesBuildPhase;
			buildActionMask = 2147483647;
			files = (
				7F5D3D6223D0FA9B004AAA1B /* testUITests.swift in Sources */,
			);
			runOnlyForDeploymentPostprocessing = 0;
		};
/* End PBXSourcesBuildPhase section */

/* Begin PBXTargetDependency section */
		7F5D3D5423D0FA9B004AAA1B /* PBXTargetDependency */ = {
			isa = PBXTargetDependency;
			target = 7F5D3D3D23D0FA9B004AAA1B /* test */;
			targetProxy = 7F5D3D5323D0FA9B004AAA1B /* PBXContainerItemProxy */;
		};
		7F5D3D5F23D0FA9B004AAA1B /* PBXTargetDependency */ = {
			isa = PBXTargetDependency;
			target = 7F5D3D3D23D0FA9B004AAA1B /* test */;
			targetProxy = 7F5D3D5E23D0FA9B004AAA1B /* PBXContainerItemProxy */;
		};
/* End PBXTargetDependency section */

/* Begin PBXVariantGroup section */
		7F5D3D4523D0FA9B004AAA1B /* Main.storyboard */ = {
			isa = PBXVariantGroup;
			children = (
				7F5D3D4623D0FA9B004AAA1B /* Base */,
			);
			name = Main.storyboard;
			sourceTree = "<group>";
		};
		7F5D3D4A23D0FA9B004AAA1B /* LaunchScreen.storyboard */ = {
			isa = PBXVariantGroup;
			children = (
				7F5D3D4B23D0FA9B004AAA1B /* Base */,
			);
			name = LaunchScreen.storyboard;
			sourceTree = "<group>";
		};
/* End PBXVariantGroup section */

/* Begin XCBuildConfiguration section */
		7F5D3D6423D0FA9B004AAA1B /* Debug */ = {
			isa = XCBuildConfiguration;
			buildSettings = {
				ALWAYS_SEARCH_USER_PATHS = NO;
				CLANG_ANALYZER_NONNULL = YES;
				CLANG_ANALYZER_NUMBER_OBJECT_CONVERSION = YES_AGGRESSIVE;
				CLANG_CXX_LANGUAGE_STANDARD = "gnu++14";
				CLANG_CXX_LIBRARY = "libc++";
				CLANG_ENABLE_MODULES = YES;
				CLANG_ENABLE_OBJC_ARC = YES;
				CLANG_ENABLE_OBJC_WEAK = YES;
				CLANG_WARN_BLOCK_CAPTURE_AUTORELEASING = YES;
				CLANG_WARN_BOOL_CONVERSION = YES;
				CLANG_WARN_COMMA = YES;
				CLANG_WARN_CONSTANT_CONVERSION = YES;
				CLANG_WARN_DEPRECATED_OBJC_IMPLEMENTATIONS = YES;
				CLANG_WARN_DIRECT_OBJC_ISA_USAGE = YES_ERROR;
				CLANG_WARN_DOCUMENTATION_COMMENTS = YES;
				CLANG_WARN_EMPTY_BODY = YES;
				CLANG_WARN_ENUM_CONVERSION = YES;
				CLANG_WARN_INFINITE_RECURSION = YES;
				CLANG_WARN_INT_CONVERSION = YES;
				CLANG_WARN_NON_LITERAL_NULL_CONVERSION = YES;
				CLANG_WARN_OBJC_IMPLICIT_RETAIN_SELF = YES;
				CLANG_WARN_OBJC_LITERAL_CONVERSION = YES;
				CLANG_WARN_OBJC_ROOT_CLASS = YES_ERROR;
				CLANG_WARN_RANGE_LOOP_ANALYSIS = YES;
				CLANG_WARN_STRICT_PROTOTYPES = YES;
				CLANG_WARN_SUSPICIOUS_MOVE = YES;
				CLANG_WARN_UNGUARDED_AVAILABILITY = YES_AGGRESSIVE;
				CLANG_WARN_UNREACHABLE_CODE = YES;
				CLANG_WARN__DUPLICATE_METHOD_MATCH = YES;
				CODE_SIGN_IDENTITY = "iPhone Developer";
				COPY_PHASE_STRIP = NO;
				DEBUG_INFORMATION_FORMAT = dwarf;
				ENABLE_STRICT_OBJC_MSGSEND = YES;
				ENABLE_TESTABILITY = YES;
				GCC_C_LANGUAGE_STANDARD = gnu11;
				GCC_DYNAMIC_NO_PIC = NO;
				GCC_NO_COMMON_BLOCKS = YES;
				GCC_OPTIMIZATION_LEVEL = 0;
				GCC_PREPROCESSOR_DEFINITIONS = (
					"DEBUG=1",
					"$(inherited)",
				);
				GCC_WARN_64_TO_32_BIT_CONVERSION = YES;
				GCC_WARN_ABOUT_RETURN_TYPE = YES_ERROR;
				GCC_WARN_UNDECLARED_SELECTOR = YES;
				GCC_WARN_UNINITIALIZED_AUTOS = YES_AGGRESSIVE;
				GCC_WARN_UNUSED_FUNCTION = YES;
				GCC_WARN_UNUSED_VARIABLE = YES;
				IPHONEOS_DEPLOYMENT_TARGET = 12.1;
				MTL_ENABLE_DEBUG_INFO = INCLUDE_SOURCE;
				MTL_FAST_MATH = YES;
				ONLY_ACTIVE_ARCH = YES;
				SDKROOT = iphoneos;
				SWIFT_ACTIVE_COMPILATION_CONDITIONS = DEBUG;
				SWIFT_OPTIMIZATION_LEVEL = "-Onone";
			};
			name = Debug;
		};
		7F5D3D6523D0FA9B004AAA1B /* Release */ = {
			isa = XCBuildConfiguration;
			buildSettings = {
				ALWAYS_SEARCH_USER_PATHS = NO;
				CLANG_ANALYZER_NONNULL = YES;
				CLANG_ANALYZER_NUMBER_OBJECT_CONVERSION = YES_AGGRESSIVE;
				CLANG_CXX_LANGUAGE_STANDARD = "gnu++14";
				CLANG_CXX_LIBRARY = "libc++";
				CLANG_ENABLE_MODULES = YES;
				CLANG_ENABLE_OBJC_ARC = YES;
				CLANG_ENABLE_OBJC_WEAK = YES;
				CLANG_WARN_BLOCK_CAPTURE_AUTORELEASING = YES;
				CLANG_WARN_BOOL_CONVERSION = YES;
				CLANG_WARN_COMMA = YES;
				CLANG_WARN_CONSTANT_CONVERSION = YES;
				CLANG_WARN_DEPRECATED_OBJC_IMPLEMENTATIONS = YES;
				CLANG_WARN_DIRECT_OBJC_ISA_USAGE = YES_ERROR;
				CLANG_WARN_DOCUMENTATION_COMMENTS = YES;
				CLANG_WARN_EMPTY_BODY = YES;
				CLANG_WARN_ENUM_CONVERSION = YES;
				CLANG_WARN_INFINITE_RECURSION = YES;
				CLANG_WARN_INT_CONVERSION = YES;
				CLANG_WARN_NON_LITERAL_NULL_CONVERSION = YES;
				CLANG_WARN_OBJC_IMPLICIT_RETAIN_SELF = YES;
				CLANG_WARN_OBJC_LITERAL_CONVERSION = YES;
				CLANG_WARN_OBJC_ROOT_CLASS = YES_ERROR;
				CLANG_WARN_RANGE_LOOP_ANALYSIS = YES;
				CLANG_WARN_STRICT_PROTOTYPES = YES;
				CLANG_WARN_SUSPICIOUS_MOVE = YES;
				CLANG_WARN_UNGUARDED_AVAILABILITY = YES_AGGRESSIVE;
				CLANG_WARN_UNREACHABLE_CODE = YES;
				CLANG_WARN__DUPLICATE_METHOD_MATCH = YES;
				CODE_SIGN_IDENTITY = "iPhone Developer";
				COPY_PHASE_STRIP = NO;
				DEBUG_INFORMATION_FORMAT = "dwarf-with-dsym";
				ENABLE_NS_ASSERTIONS = NO;
				ENABLE_STRICT_OBJC_MSGSEND = YES;
				GCC_C_LANGUAGE_STANDARD = gnu11;
				GCC_NO_COMMON_BLOCKS = YES;
				GCC_WARN_64_TO_32_BIT_CONVERSION = YES;
				GCC_WARN_ABOUT_RETURN_TYPE = YES_ERROR;
				GCC_WARN_UNDECLARED_SELECTOR = YES;
				GCC_WARN_UNINITIALIZED_AUTOS = YES_AGGRESSIVE;
				GCC_WARN_UNUSED_FUNCTION = YES;
				GCC_WARN_UNUSED_VARIABLE = YES;
				IPHONEOS_DEPLOYMENT_TARGET = 12.1;
				MTL_ENABLE_DEBUG_INFO = NO;
				MTL_FAST_MATH = YES;
				SDKROOT = iphoneos;
				SWIFT_COMPILATION_MODE = wholemodule;
				SWIFT_OPTIMIZATION_LEVEL = "-O";
				VALIDATE_PRODUCT = YES;
			};
			name = Release;
		};
		7F5D3D6723D0FA9B004AAA1B /* Debug */ = {
			isa = XCBuildConfiguration;
			buildSettings = {
				ASSETCATALOG_COMPILER_APPICON_NAME = AppIcon;
				CODE_SIGN_STYLE = Automatic;
				INFOPLIST_FILE = test/Info.plist;
				LD_RUNPATH_SEARCH_PATHS = (
					"$(inherited)",
					"@executable_path/Frameworks",
				);
				PRODUCT_BUNDLE_IDENTIFIER = uhwo.test;
				PRODUCT_NAME = "$(TARGET_NAME)";
				SWIFT_VERSION = 4.2;
				TARGETED_DEVICE_FAMILY = "1,2";
			};
			name = Debug;
		};
		7F5D3D6823D0FA9B004AAA1B /* Release */ = {
			isa = XCBuildConfiguration;
			buildSettings = {
				ASSETCATALOG_COMPILER_APPICON_NAME = AppIcon;
				CODE_SIGN_STYLE = Automatic;
				INFOPLIST_FILE = test/Info.plist;
				LD_RUNPATH_SEARCH_PATHS = (
					"$(inherited)",
					"@executable_path/Frameworks",
				);
				PRODUCT_BUNDLE_IDENTIFIER = uhwo.test;
				PRODUCT_NAME = "$(TARGET_NAME)";
				SWIFT_VERSION = 4.2;
				TARGETED_DEVICE_FAMILY = "1,2";
			};
			name = Release;
		};
		7F5D3D6A23D0FA9B004AAA1B /* Debug */ = {
			isa = XCBuildConfiguration;
			buildSettings = {
				ALWAYS_EMBED_SWIFT_STANDARD_LIBRARIES = YES;
				BUNDLE_LOADER = "$(TEST_HOST)";
				CODE_SIGN_STYLE = Automatic;
				INFOPLIST_FILE = testTests/Info.plist;
				LD_RUNPATH_SEARCH_PATHS = (
					"$(inherited)",
					"@executable_path/Frameworks",
					"@loader_path/Frameworks",
				);
				PRODUCT_BUNDLE_IDENTIFIER = uhwo.testTests;
				PRODUCT_NAME = "$(TARGET_NAME)";
				SWIFT_VERSION = 4.2;
				TARGETED_DEVICE_FAMILY = "1,2";
				TEST_HOST = "$(BUILT_PRODUCTS_DIR)/test.app/test";
			};
			name = Debug;
		};
		7F5D3D6B23D0FA9B004AAA1B /* Release */ = {
			isa = XCBuildConfiguration;
			buildSettings = {
				ALWAYS_EMBED_SWIFT_STANDARD_LIBRARIES = YES;
				BUNDLE_LOADER = "$(TEST_HOST)";
				CODE_SIGN_STYLE = Automatic;
				INFOPLIST_FILE = testTests/Info.plist;
				LD_RUNPATH_SEARCH_PATHS = (
					"$(inherited)",
					"@executable_path/Frameworks",
					"@loader_path/Frameworks",
				);
				PRODUCT_BUNDLE_IDENTIFIER = uhwo.testTests;
				PRODUCT_NAME = "$(TARGET_NAME)";
				SWIFT_VERSION = 4.2;
				TARGETED_DEVICE_FAMILY = "1,2";
				TEST_HOST = "$(BUILT_PRODUCTS_DIR)/test.app/test";
			};
			name = Release;
		};
		7F5D3D6D23D0FA9B004AAA1B /* Debug */ = {
			isa = XCBuildConfiguration;
			buildSettings = {
				ALWAYS_EMBED_SWIFT_STANDARD_LIBRARIES = YES;
				CODE_SIGN_STYLE = Automatic;
				INFOPLIST_FILE = testUITests/Info.plist;
				LD_RUNPATH_SEARCH_PATHS = (
					"$(inherited)",
					"@executable_path/Frameworks",
					"@loader_path/Frameworks",
				);
				PRODUCT_BUNDLE_IDENTIFIER = uhwo.testUITests;
				PRODUCT_NAME = "$(TARGET_NAME)";
				SWIFT_VERSION = 4.2;
				TARGETED_DEVICE_FAMILY = "1,2";
				TEST_TARGET_NAME = test;
			};
			name = Debug;
		};
		7F5D3D6E23D0FA9B004AAA1B /* Release */ = {
			isa = XCBuildConfiguration;
			buildSettings = {
				ALWAYS_EMBED_SWIFT_STANDARD_LIBRARIES = YES;
				CODE_SIGN_STYLE = Automatic;
				INFOPLIST_FILE = testUITests/Info.plist;
				LD_RUNPATH_SEARCH_PATHS = (
					"$(inherited)",
					"@executable_path/Frameworks",
					"@loader_path/Frameworks",
				);
				PRODUCT_BUNDLE_IDENTIFIER = uhwo.testUITests;
				PRODUCT_NAME = "$(TARGET_NAME)";
				SWIFT_VERSION = 4.2;
				TARGETED_DEVICE_FAMILY = "1,2";
				TEST_TARGET_NAME = test;
			};
			name = Release;
		};
/* End XCBuildConfiguration section */

/* Begin XCConfigurationList section */
		7F5D3D3923D0FA9A004AAA1B /* Build configuration list for PBXProject "test" */ = {
			isa = XCConfigurationList;
			buildConfigurations = (
				7F5D3D6423D0FA9B004AAA1B /* Debug */,
				7F5D3D6523D0FA9B004AAA1B /* Release */,
			);
			defaultConfigurationIsVisible = 0;
			defaultConfigurationName = Release;
		};
		7F5D3D6623D0FA9B004AAA1B /* Build configuration list for PBXNativeTarget "test" */ = {
			isa = XCConfigurationList;
			buildConfigurations = (
				7F5D3D6723D0FA9B004AAA1B /* Debug */,
				7F5D3D6823D0FA9B004AAA1B /* Release */,
			);
			defaultConfigurationIsVisible = 0;
			defaultConfigurationName = Release;
		};
		7F5D3D6923D0FA9B004AAA1B /* Build configuration list for PBXNativeTarget "testTests" */ = {
			isa = XCConfigurationList;
			buildConfigurations = (
				7F5D3D6A23D0FA9B004AAA1B /* Debug */,
				7F5D3D6B23D0FA9B004AAA1B /* Release */,
			);
			defaultConfigurationIsVisible = 0;
			defaultConfigurationName = Release;
		};
		7F5D3D6C23D0FA9B004AAA1B /* Build configuration list for PBXNativeTarget "testUITests" */ = {
			isa = XCConfigurationList;
			buildConfigurations = (
				7F5D3D6D23D0FA9B004AAA1B /* Debug */,
				7F5D3D6E23D0FA9B004AAA1B /* Release */,
			);
			defaultConfigurationIsVisible = 0;
			defaultConfigurationName = Release;
		};
/* End XCConfigurationList section */
	};
	rootObject = 7F5D3D3623D0FA9A004AAA1B /* Project object */;
}
